
Microsoft Visual Studio Solution File, Format Version 12.00
# Visual Studio Version 16
VisualStudioVersion = 16.0.31515.178
MinimumVisualStudioVersion = 10.0.40219.1
Project("{2150E333-8FDC-42A3-9474-1A3956D46DE8}") = "HealthCareApi", "HealthCareApi", "{6B847DCC-F01A-4031-9F30-3DCA302C4ADE}"
EndProject
Project("{9A19103F-16F7-4668-BE54-9A1E7A4F7556}") = "Fit.HealthCareApi", "Gigers.GigersApi\Fit.HealthCareApi.csproj", "{D58F5443-2417-4986-864C-C6F862A3AF15}"
EndProject
Project("{9A19103F-16F7-4668-BE54-9A1E7A4F7556}") = "HealthCare.Domain", "Gigers.Domain\HealthCare.Domain.csproj", "{A2FC9C63-B269-48DC-B4B9-FA2CFE59C95B}"
EndProject
Project("{2150E333-8FDC-42A3-9474-1A3956D46DE8}") = "03 - Domain", "03 - Domain", "{DD333FF6-EC11-432B-848B-28A93F406C87}"
EndProject
Project("{2150E333-8FDC-42A3-9474-1A3956D46DE8}") = "01 - Services", "01 - Services", "{5E9D4387-F041-44F3-AB88-69E142CC4AFB}"
EndProject
Project("{2150E333-8FDC-42A3-9474-1A3956D46DE8}") = "04 - Infra", "04 - Infra", "{2EAE768D-BA5E-4181-951F-F5066C329A9A}"
EndProject
Project("{2150E333-8FDC-42A3-9474-1A3956D46DE8}") = "Data", "Data", "{9034CFC9-120C-44AE-AF92-8F23D8231550}"
EndProject
Project("{2150E333-8FDC-42A3-9474-1A3956D46DE8}") = "CrossCutting", "CrossCutting", "{45069017-1B37-45D9-BED1-CF30BAE00E34}"
EndProject
Project("{9A19103F-16F7-4668-BE54-9A1E7A4F7556}") = "HealthCare.Infra.Data", "Gigers.Infra.Data\HealthCare.Infra.Data.csproj", "{8BE4B2BB-9E31-4F9B-9169-24D13C8E000F}"
EndProject
Project("{2150E333-8FDC-42A3-9474-1A3956D46DE8}") = "02 - Application", "02 - Application", "{18966B10-0695-48E6-A4D5-6CABCA6E146E}"
EndProject
Global
	GlobalSection(SolutionConfigurationPlatforms) = preSolution
		Debug|Any CPU = Debug|Any CPU
		Release|Any CPU = Release|Any CPU
	EndGlobalSection
	GlobalSection(ProjectConfigurationPlatforms) = postSolution
		{D58F5443-2417-4986-864C-C6F862A3AF15}.Debug|Any CPU.ActiveCfg = Debug|Any CPU
		{D58F5443-2417-4986-864C-C6F862A3AF15}.Debug|Any CPU.Build.0 = Debug|Any CPU
		{D58F5443-2417-4986-864C-C6F862A3AF15}.Release|Any CPU.ActiveCfg = Release|Any CPU
		{D58F5443-2417-4986-864C-C6F862A3AF15}.Release|Any CPU.Build.0 = Release|Any CPU
		{A2FC9C63-B269-48DC-B4B9-FA2CFE59C95B}.Debug|Any CPU.ActiveCfg = Debug|Any CPU
		{A2FC9C63-B269-48DC-B4B9-FA2CFE59C95B}.Debug|Any CPU.Build.0 = Debug|Any CPU
		{A2FC9C63-B269-48DC-B4B9-FA2CFE59C95B}.Release|Any CPU.ActiveCfg = Release|Any CPU
		{A2FC9C63-B269-48DC-B4B9-FA2CFE59C95B}.Release|Any CPU.Build.0 = Release|Any CPU
		{8BE4B2BB-9E31-4F9B-9169-24D13C8E000F}.Debug|Any CPU.ActiveCfg = Debug|Any CPU
		{8BE4B2BB-9E31-4F9B-9169-24D13C8E000F}.Debug|Any CPU.Build.0 = Debug|Any CPU
		{8BE4B2BB-9E31-4F9B-9169-24D13C8E000F}.Release|Any CPU.ActiveCfg = Release|Any CPU
		{8BE4B2BB-9E31-4F9B-9169-24D13C8E000F}.Release|Any CPU.Build.0 = Release|Any CPU
	EndGlobalSection
	GlobalSection(SolutionProperties) = preSolution
		HideSolutionNode = FALSE
	EndGlobalSection
	GlobalSection(NestedProjects) = preSolution
		{D58F5443-2417-4986-864C-C6F862A3AF15} = {5E9D4387-F041-44F3-AB88-69E142CC4AFB}
		{A2FC9C63-B269-48DC-B4B9-FA2CFE59C95B} = {DD333FF6-EC11-432B-848B-28A93F406C87}
		{DD333FF6-EC11-432B-848B-28A93F406C87} = {6B847DCC-F01A-4031-9F30-3DCA302C4ADE}
		{5E9D4387-F041-44F3-AB88-69E142CC4AFB} = {6B847DCC-F01A-4031-9F30-3DCA302C4ADE}
		{2EAE768D-BA5E-4181-951F-F5066C329A9A} = {6B847DCC-F01A-4031-9F30-3DCA302C4ADE}
		{9034CFC9-120C-44AE-AF92-8F23D8231550} = {2EAE768D-BA5E-4181-951F-F5066C329A9A}
		{45069017-1B37-45D9-BED1-CF30BAE00E34} = {2EAE768D-BA5E-4181-951F-F5066C329A9A}
		{8BE4B2BB-9E31-4F9B-9169-24D13C8E000F} = {9034CFC9-120C-44AE-AF92-8F23D8231550}
		{18966B10-0695-48E6-A4D5-6CABCA6E146E} = {6B847DCC-F01A-4031-9F30-3DCA302C4ADE}
	EndGlobalSection
	GlobalSection(ExtensibilityGlobals) = postSolution
		SolutionGuid = {D87719F6-0273-4967-A798-C751A9E10A08}
	EndGlobalSection
EndGlobal
